
Microsoft Visual Studio Solution File, Format Version 12.00
# Visual Studio Version 16
VisualStudioVersion = 16.0.30717.126
MinimumVisualStudioVersion = 10.0.40219.1
Project("{FAE04EC0-301F-11D3-BF4B-00C04F79EFBC}") = "scientificcal", "scientificcal.csproj", "{04381473-3C56-452B-8D9D-68582C4BD623}"
EndProject
Global
	GlobalSection(SolutionConfigurationPlatforms) = preSolution
		Debug|Any CPU = Debug|Any CPU
		Release|Any CPU = Release|Any CPU
	EndGlobalSection
	GlobalSection(ProjectConfigurationPlatforms) = postSolution
		{04381473-3C56-452B-8D9D-68582C4BD623}.Debug|Any CPU.ActiveCfg = Debug|Any CPU
		{04381473-3C56-452B-8D9D-68582C4BD623}.Debug|Any CPU.Build.0 = Debug|Any CPU
		{04381473-3C56-452B-8D9D-68582C4BD623}.Release|Any CPU.ActiveCfg = Release|Any CPU
		{04381473-3C56-452B-8D9D-68582C4BD623}.Release|Any CPU.Build.0 = Release|Any CPU
	EndGlobalSection
	GlobalSection(SolutionProperties) = preSolution
		HideSolutionNode = FALSE
	EndGlobalSection
	GlobalSection(ExtensibilityGlobals) = postSolution
		SolutionGuid = {3807F5DB-9599-4C66-9D89-F29CC8C48F90}
	EndGlobalSection
EndGlobal
